
Microsoft Visual Studio Solution File, Format Version 12.00
# Visual Studio Version 16
VisualStudioVersion = 16.0.31005.135
MinimumVisualStudioVersion = 10.0.40219.1
Project("{FAE04EC0-301F-11D3-BF4B-00C04F79EFBC}") = "PRY_CarCenter", "PRY_CarCenter\PRY_CarCenter.csproj", "{28F58887-411E-4D91-9C34-33BFE371F4C8}"
EndProject
Project("{FAE04EC0-301F-11D3-BF4B-00C04F79EFBC}") = "WebApiCarCenter", "WebApiCarCenter\WebApiCarCenter.csproj", "{5F6D3EF3-393A-4FC0-8D78-5F982769A686}"
EndProject
Global
	GlobalSection(SolutionConfigurationPlatforms) = preSolution
		Debug|Any CPU = Debug|Any CPU
		Release|Any CPU = Release|Any CPU
	EndGlobalSection
	GlobalSection(ProjectConfigurationPlatforms) = postSolution
		{28F58887-411E-4D91-9C34-33BFE371F4C8}.Debug|Any CPU.ActiveCfg = Debug|Any CPU
		{28F58887-411E-4D91-9C34-33BFE371F4C8}.Debug|Any CPU.Build.0 = Debug|Any CPU
		{28F58887-411E-4D91-9C34-33BFE371F4C8}.Release|Any CPU.ActiveCfg = Release|Any CPU
		{28F58887-411E-4D91-9C34-33BFE371F4C8}.Release|Any CPU.Build.0 = Release|Any CPU
		{5F6D3EF3-393A-4FC0-8D78-5F982769A686}.Debug|Any CPU.ActiveCfg = Debug|Any CPU
		{5F6D3EF3-393A-4FC0-8D78-5F982769A686}.Debug|Any CPU.Build.0 = Debug|Any CPU
		{5F6D3EF3-393A-4FC0-8D78-5F982769A686}.Release|Any CPU.ActiveCfg = Release|Any CPU
		{5F6D3EF3-393A-4FC0-8D78-5F982769A686}.Release|Any CPU.Build.0 = Release|Any CPU
	EndGlobalSection
	GlobalSection(SolutionProperties) = preSolution
		HideSolutionNode = FALSE
	EndGlobalSection
	GlobalSection(ExtensibilityGlobals) = postSolution
		SolutionGuid = {B06DAAD9-DE37-4110-8F7C-8AEECB97375C}
	EndGlobalSection
EndGlobal
